
Microsoft Visual Studio Solution File, Format Version 12.00
# Visual Studio Version 16
VisualStudioVersion = 16.0.30320.27
MinimumVisualStudioVersion = 10.0.40219.1
Project("{9A19103F-16F7-4668-BE54-9A1E7A4F7556}") = "thZero.NetCore.Library.Data.Annotations", "thZero.NetCore.Library.Data.Annotations.csproj", "{B45D99E7-A77D-4331-B37E-C30D8278ED76}"
EndProject
Project("{9A19103F-16F7-4668-BE54-9A1E7A4F7556}") = "thZero.NetCore.Library", "..\thZero.NetCore.Library\thZero.NetCore.Library.csproj", "{D409BE7B-0474-4712-96CE-EB1BADDA81E6}"
EndProject
Project("{9A19103F-16F7-4668-BE54-9A1E7A4F7556}") = "thZero.NetCore.Library.Services.Localization", "..\thZero.NetCore.Library.Services.Localization\thZero.NetCore.Library.Services.Localization.csproj", "{B27F45D9-3EEA-4D8B-A8A4-A3FF127DCA26}"
EndProject
Global
	GlobalSection(SolutionConfigurationPlatforms) = preSolution
		Debug|Any CPU = Debug|Any CPU
		Release|Any CPU = Release|Any CPU
	EndGlobalSection
	GlobalSection(ProjectConfigurationPlatforms) = postSolution
		{B45D99E7-A77D-4331-B37E-C30D8278ED76}.Debug|Any CPU.ActiveCfg = Debug|Any CPU
		{B45D99E7-A77D-4331-B37E-C30D8278ED76}.Debug|Any CPU.Build.0 = Debug|Any CPU
		{B45D99E7-A77D-4331-B37E-C30D8278ED76}.Release|Any CPU.ActiveCfg = Release|Any CPU
		{B45D99E7-A77D-4331-B37E-C30D8278ED76}.Release|Any CPU.Build.0 = Release|Any CPU
		{D409BE7B-0474-4712-96CE-EB1BADDA81E6}.Debug|Any CPU.ActiveCfg = Debug|Any CPU
		{D409BE7B-0474-4712-96CE-EB1BADDA81E6}.Debug|Any CPU.Build.0 = Debug|Any CPU
		{D409BE7B-0474-4712-96CE-EB1BADDA81E6}.Release|Any CPU.ActiveCfg = Release|Any CPU
		{D409BE7B-0474-4712-96CE-EB1BADDA81E6}.Release|Any CPU.Build.0 = Release|Any CPU
		{B27F45D9-3EEA-4D8B-A8A4-A3FF127DCA26}.Debug|Any CPU.ActiveCfg = Debug|Any CPU
		{B27F45D9-3EEA-4D8B-A8A4-A3FF127DCA26}.Debug|Any CPU.Build.0 = Debug|Any CPU
		{B27F45D9-3EEA-4D8B-A8A4-A3FF127DCA26}.Release|Any CPU.ActiveCfg = Release|Any CPU
		{B27F45D9-3EEA-4D8B-A8A4-A3FF127DCA26}.Release|Any CPU.Build.0 = Release|Any CPU
	EndGlobalSection
	GlobalSection(SolutionProperties) = preSolution
		HideSolutionNode = FALSE
	EndGlobalSection
	GlobalSection(ExtensibilityGlobals) = postSolution
		SolutionGuid = {872CD581-1619-4254-A9B1-C51992C89A61}
	EndGlobalSection
EndGlobal
